// !$*UTF8*$!
{
	archiveVersion = 1;
	classes = {
	};
	objectVersion = 55;
	objects = {

/* Begin PBXBuildFile section */
		BC608DFF286CB37A006035AC /* PullToRefreshView.swift in Sources */ = {isa = PBXBuildFile; fileRef = BC608DFE286CB37A006035AC /* PullToRefreshView.swift */; };
		BC608E02286CB3E1006035AC /* MainViewModel.swift in Sources */ = {isa = PBXBuildFile; fileRef = BC608E01286CB3E1006035AC /* MainViewModel.swift */; };
		BC608E04286CB899006035AC /* ViewState.swift in Sources */ = {isa = PBXBuildFile; fileRef = BC608E03286CB899006035AC /* ViewState.swift */; };
		BC608E07286CC9B8006035AC /* SimpleToast in Frameworks */ = {isa = PBXBuildFile; productRef = BC608E06286CC9B8006035AC /* SimpleToast */; };
		BC608E09286CCB75006035AC /* AsyncContentView.swift in Sources */ = {isa = PBXBuildFile; fileRef = BC608E08286CCB75006035AC /* AsyncContentView.swift */; };
		BC608E0B286CCCD1006035AC /* BackgroundView.swift in Sources */ = {isa = PBXBuildFile; fileRef = BC608E0A286CCCD1006035AC /* BackgroundView.swift */; };
		BC608E0E286CCDE0006035AC /* Assets.swift in Sources */ = {isa = PBXBuildFile; fileRef = BC608E0D286CCDE0006035AC /* Assets.swift */; };
		BC608E10286CCE07006035AC /* VisualEffectView.swift in Sources */ = {isa = PBXBuildFile; fileRef = BC608E0F286CCE07006035AC /* VisualEffectView.swift */; };
		BC72F3B5286CB0A700C1CE47 /* MainView.swift in Sources */ = {isa = PBXBuildFile; fileRef = BC72F3B4286CB0A700C1CE47 /* MainView.swift */; };
		BCD41695286C8833001C3E93 /* ArgentWalletApp.swift in Sources */ = {isa = PBXBuildFile; fileRef = BCD41694286C8833001C3E93 /* ArgentWalletApp.swift */; };
		BCD41699286C8834001C3E93 /* Assets.xcassets in Resources */ = {isa = PBXBuildFile; fileRef = BCD41698286C8834001C3E93 /* Assets.xcassets */; };
		BCD4169C286C8834001C3E93 /* Preview Assets.xcassets in Resources */ = {isa = PBXBuildFile; fileRef = BCD4169B286C8834001C3E93 /* Preview Assets.xcassets */; };
		BCD416A6286C8834001C3E93 /* ArgentWalletTests.swift in Sources */ = {isa = PBXBuildFile; fileRef = BCD416A5286C8834001C3E93 /* ArgentWalletTests.swift */; };
		BCD416B0286C8834001C3E93 /* ArgentWalletUITests.swift in Sources */ = {isa = PBXBuildFile; fileRef = BCD416AF286C8834001C3E93 /* ArgentWalletUITests.swift */; };
		BCD416B2286C8834001C3E93 /* ArgentWalletUITestsLaunchTests.swift in Sources */ = {isa = PBXBuildFile; fileRef = BCD416B1286C8834001C3E93 /* ArgentWalletUITestsLaunchTests.swift */; };
		BCD416C3286C88C7001C3E93 /* web3.swift in Frameworks */ = {isa = PBXBuildFile; productRef = BCD416C2286C88C7001C3E93 /* web3.swift */; };
		BCD416C6286C88D8001C3E93 /* Logging in Frameworks */ = {isa = PBXBuildFile; productRef = BCD416C5286C88D8001C3E93 /* Logging */; };
		BCD416CC286C8990001C3E93 /* AppConstants.swift in Sources */ = {isa = PBXBuildFile; fileRef = BCD416CB286C8990001C3E93 /* AppConstants.swift */; };
		BCD416CF286C89B8001C3E93 /* App+Injection.swift in Sources */ = {isa = PBXBuildFile; fileRef = BCD416CE286C89B8001C3E93 /* App+Injection.swift */; };
		BCD416D5286C9196001C3E93 /* WalletService.swift in Sources */ = {isa = PBXBuildFile; fileRef = BCD416D4286C9196001C3E93 /* WalletService.swift */; };
		BCD416D8286C91AD001C3E93 /* Web3Repository.swift in Sources */ = {isa = PBXBuildFile; fileRef = BCD416D7286C91AD001C3E93 /* Web3Repository.swift */; };
		BCD416DA286C91E2001C3E93 /* EtherscanRepository.swift in Sources */ = {isa = PBXBuildFile; fileRef = BCD416D9286C91E2001C3E93 /* EtherscanRepository.swift */; };
		BCD416DC286C93A3001C3E93 /* Localizable.strings in Resources */ = {isa = PBXBuildFile; fileRef = BCD416DB286C93A3001C3E93 /* Localizable.strings */; };
		BCD416E0286C93F1001C3E93 /* L10n.swift in Sources */ = {isa = PBXBuildFile; fileRef = BCD416DF286C93F1001C3E93 /* L10n.swift */; };
		BCD416E3286CA26C001C3E93 /* Web3Utils.swift in Sources */ = {isa = PBXBuildFile; fileRef = BCD416E2286CA26C001C3E93 /* Web3Utils.swift */; };
		BCD416E6286CA585001C3E93 /* String++.swift in Sources */ = {isa = PBXBuildFile; fileRef = BCD416E5286CA585001C3E93 /* String++.swift */; };
		BCD416E8286CA7C5001C3E93 /* Double++.swift in Sources */ = {isa = PBXBuildFile; fileRef = BCD416E7286CA7C5001C3E93 /* Double++.swift */; };
		BCE62122286CB1E400CA3152 /* Resolver in Frameworks */ = {isa = PBXBuildFile; productRef = BCE62121286CB1E400CA3152 /* Resolver */; };
/* End PBXBuildFile section */

/* Begin PBXContainerItemProxy section */
		BCD416A2286C8834001C3E93 /* PBXContainerItemProxy */ = {
			isa = PBXContainerItemProxy;
			containerPortal = BCD41689286C8833001C3E93 /* Project object */;
			proxyType = 1;
			remoteGlobalIDString = BCD41690286C8833001C3E93;
			remoteInfo = ArgentWallet;
		};
		BCD416AC286C8834001C3E93 /* PBXContainerItemProxy */ = {
			isa = PBXContainerItemProxy;
			containerPortal = BCD41689286C8833001C3E93 /* Project object */;
			proxyType = 1;
			remoteGlobalIDString = BCD41690286C8833001C3E93;
			remoteInfo = ArgentWallet;
		};
/* End PBXContainerItemProxy section */

/* Begin PBXFileReference section */
		BC608DFE286CB37A006035AC /* PullToRefreshView.swift */ = {isa = PBXFileReference; lastKnownFileType = sourcecode.swift; path = PullToRefreshView.swift; sourceTree = "<group>"; };
		BC608E01286CB3E1006035AC /* MainViewModel.swift */ = {isa = PBXFileReference; lastKnownFileType = sourcecode.swift; path = MainViewModel.swift; sourceTree = "<group>"; };
		BC608E03286CB899006035AC /* ViewState.swift */ = {isa = PBXFileReference; lastKnownFileType = sourcecode.swift; path = ViewState.swift; sourceTree = "<group>"; };
		BC608E08286CCB75006035AC /* AsyncContentView.swift */ = {isa = PBXFileReference; lastKnownFileType = sourcecode.swift; path = AsyncContentView.swift; sourceTree = "<group>"; };
		BC608E0A286CCCD1006035AC /* BackgroundView.swift */ = {isa = PBXFileReference; lastKnownFileType = sourcecode.swift; path = BackgroundView.swift; sourceTree = "<group>"; };
		BC608E0C286CCD76006035AC /* assets-template.stencil */ = {isa = PBXFileReference; lastKnownFileType = text; path = "assets-template.stencil"; sourceTree = "<group>"; };
		BC608E0D286CCDE0006035AC /* Assets.swift */ = {isa = PBXFileReference; lastKnownFileType = sourcecode.swift; path = Assets.swift; sourceTree = "<group>"; };
		BC608E0F286CCE07006035AC /* VisualEffectView.swift */ = {isa = PBXFileReference; lastKnownFileType = sourcecode.swift; path = VisualEffectView.swift; sourceTree = "<group>"; };
		BC72F3B4286CB0A700C1CE47 /* MainView.swift */ = {isa = PBXFileReference; lastKnownFileType = sourcecode.swift; path = MainView.swift; sourceTree = "<group>"; };
		BCD41691286C8833001C3E93 /* ArgentWallet.app */ = {isa = PBXFileReference; explicitFileType = wrapper.application; includeInIndex = 0; path = ArgentWallet.app; sourceTree = BUILT_PRODUCTS_DIR; };
		BCD41694286C8833001C3E93 /* ArgentWalletApp.swift */ = {isa = PBXFileReference; lastKnownFileType = sourcecode.swift; path = ArgentWalletApp.swift; sourceTree = "<group>"; };
		BCD41698286C8834001C3E93 /* Assets.xcassets */ = {isa = PBXFileReference; lastKnownFileType = folder.assetcatalog; path = Assets.xcassets; sourceTree = "<group>"; };
		BCD4169B286C8834001C3E93 /* Preview Assets.xcassets */ = {isa = PBXFileReference; lastKnownFileType = folder.assetcatalog; path = "Preview Assets.xcassets"; sourceTree = "<group>"; };
		BCD416A1286C8834001C3E93 /* ArgentWalletTests.xctest */ = {isa = PBXFileReference; explicitFileType = wrapper.cfbundle; includeInIndex = 0; path = ArgentWalletTests.xctest; sourceTree = BUILT_PRODUCTS_DIR; };
		BCD416A5286C8834001C3E93 /* ArgentWalletTests.swift */ = {isa = PBXFileReference; lastKnownFileType = sourcecode.swift; path = ArgentWalletTests.swift; sourceTree = "<group>"; };
		BCD416AB286C8834001C3E93 /* ArgentWalletUITests.xctest */ = {isa = PBXFileReference; explicitFileType = wrapper.cfbundle; includeInIndex = 0; path = ArgentWalletUITests.xctest; sourceTree = BUILT_PRODUCTS_DIR; };
		BCD416AF286C8834001C3E93 /* ArgentWalletUITests.swift */ = {isa = PBXFileReference; lastKnownFileType = sourcecode.swift; path = ArgentWalletUITests.swift; sourceTree = "<group>"; };
		BCD416B1286C8834001C3E93 /* ArgentWalletUITestsLaunchTests.swift */ = {isa = PBXFileReference; lastKnownFileType = sourcecode.swift; path = ArgentWalletUITestsLaunchTests.swift; sourceTree = "<group>"; };
		BCD416C8286C8904001C3E93 /* swiftlint.yml */ = {isa = PBXFileReference; lastKnownFileType = text.yaml; path = swiftlint.yml; sourceTree = "<group>"; };
		BCD416CB286C8990001C3E93 /* AppConstants.swift */ = {isa = PBXFileReference; lastKnownFileType = sourcecode.swift; path = AppConstants.swift; sourceTree = "<group>"; };
		BCD416CE286C89B8001C3E93 /* App+Injection.swift */ = {isa = PBXFileReference; lastKnownFileType = sourcecode.swift; path = "App+Injection.swift"; sourceTree = "<group>"; };
		BCD416D4286C9196001C3E93 /* WalletService.swift */ = {isa = PBXFileReference; lastKnownFileType = sourcecode.swift; path = WalletService.swift; sourceTree = "<group>"; };
		BCD416D7286C91AD001C3E93 /* Web3Repository.swift */ = {isa = PBXFileReference; lastKnownFileType = sourcecode.swift; path = Web3Repository.swift; sourceTree = "<group>"; };
		BCD416D9286C91E2001C3E93 /* EtherscanRepository.swift */ = {isa = PBXFileReference; lastKnownFileType = sourcecode.swift; path = EtherscanRepository.swift; sourceTree = "<group>"; };
		BCD416DB286C93A3001C3E93 /* Localizable.strings */ = {isa = PBXFileReference; lastKnownFileType = text.plist.strings; path = Localizable.strings; sourceTree = "<group>"; };
		BCD416DF286C93F1001C3E93 /* L10n.swift */ = {isa = PBXFileReference; lastKnownFileType = sourcecode.swift; path = L10n.swift; sourceTree = "<group>"; };
		BCD416E2286CA26C001C3E93 /* Web3Utils.swift */ = {isa = PBXFileReference; lastKnownFileType = sourcecode.swift; path = Web3Utils.swift; sourceTree = "<group>"; };
		BCD416E5286CA585001C3E93 /* String++.swift */ = {isa = PBXFileReference; lastKnownFileType = sourcecode.swift; path = "String++.swift"; sourceTree = "<group>"; };
		BCD416E7286CA7C5001C3E93 /* Double++.swift */ = {isa = PBXFileReference; lastKnownFileType = sourcecode.swift; path = "Double++.swift"; sourceTree = "<group>"; };
/* End PBXFileReference section */

/* Begin PBXFrameworksBuildPhase section */
		BCD4168E286C8833001C3E93 /* Frameworks */ = {
			isa = PBXFrameworksBuildPhase;
			buildActionMask = 2147483647;
			files = (
				BC608E07286CC9B8006035AC /* SimpleToast in Frameworks */,
				BCE62122286CB1E400CA3152 /* Resolver in Frameworks */,
				BCD416C6286C88D8001C3E93 /* Logging in Frameworks */,
				BCD416C3286C88C7001C3E93 /* web3.swift in Frameworks */,
			);
			runOnlyForDeploymentPostprocessing = 0;
		};
		BCD4169E286C8834001C3E93 /* Frameworks */ = {
			isa = PBXFrameworksBuildPhase;
			buildActionMask = 2147483647;
			files = (
			);
			runOnlyForDeploymentPostprocessing = 0;
		};
		BCD416A8286C8834001C3E93 /* Frameworks */ = {
			isa = PBXFrameworksBuildPhase;
			buildActionMask = 2147483647;
			files = (
			);
			runOnlyForDeploymentPostprocessing = 0;
		};
/* End PBXFrameworksBuildPhase section */

/* Begin PBXGroup section */
		BC608DFD286CB36F006035AC /* Components */ = {
			isa = PBXGroup;
			children = (
				BC608E08286CCB75006035AC /* AsyncContentView.swift */,
				BC608E0A286CCCD1006035AC /* BackgroundView.swift */,
				BC608DFE286CB37A006035AC /* PullToRefreshView.swift */,
				BC608E0F286CCE07006035AC /* VisualEffectView.swift */,
			);
			path = Components;
			sourceTree = "<group>";
		};
		BC608E00286CB3D3006035AC /* MainView */ = {
			isa = PBXGroup;
			children = (
				BC72F3B4286CB0A700C1CE47 /* MainView.swift */,
				BC608E01286CB3E1006035AC /* MainViewModel.swift */,
			);
			path = MainView;
			sourceTree = "<group>";
		};
		BCD41688286C8833001C3E93 = {
			isa = PBXGroup;
			children = (
				BCD416C7286C88EB001C3E93 /* Configs */,
				BCD41693286C8833001C3E93 /* ArgentWallet */,
				BCD416A4286C8834001C3E93 /* ArgentWalletTests */,
				BCD416AE286C8834001C3E93 /* ArgentWalletUITests */,
				BCD41692286C8833001C3E93 /* Products */,
			);
			sourceTree = "<group>";
		};
		BCD41692286C8833001C3E93 /* Products */ = {
			isa = PBXGroup;
			children = (
				BCD41691286C8833001C3E93 /* ArgentWallet.app */,
				BCD416A1286C8834001C3E93 /* ArgentWalletTests.xctest */,
				BCD416AB286C8834001C3E93 /* ArgentWalletUITests.xctest */,
			);
			name = Products;
			sourceTree = "<group>";
		};
		BCD41693286C8833001C3E93 /* ArgentWallet */ = {
			isa = PBXGroup;
			children = (
				BCD416CA286C8983001C3E93 /* App */,
				BCD416E4286CA576001C3E93 /* Extensions */,
				BCD416CD286C89AC001C3E93 /* Injection */,
				BCD4169A286C8834001C3E93 /* Preview Content */,
				BCD416D1286C8E62001C3E93 /* Resources */,
				BCD416D3286C9187001C3E93 /* Services */,
				BCD416E1286CA257001C3E93 /* Utils */,
				BCD416D0286C89DC001C3E93 /* Views */,
			);
			path = ArgentWallet;
			sourceTree = "<group>";
		};
		BCD4169A286C8834001C3E93 /* Preview Content */ = {
			isa = PBXGroup;
			children = (
				BCD4169B286C8834001C3E93 /* Preview Assets.xcassets */,
			);
			path = "Preview Content";
			sourceTree = "<group>";
		};
		BCD416A4286C8834001C3E93 /* ArgentWalletTests */ = {
			isa = PBXGroup;
			children = (
				BCD416A5286C8834001C3E93 /* ArgentWalletTests.swift */,
			);
			path = ArgentWalletTests;
			sourceTree = "<group>";
		};
		BCD416AE286C8834001C3E93 /* ArgentWalletUITests */ = {
			isa = PBXGroup;
			children = (
				BCD416AF286C8834001C3E93 /* ArgentWalletUITests.swift */,
				BCD416B1286C8834001C3E93 /* ArgentWalletUITestsLaunchTests.swift */,
			);
			path = ArgentWalletUITests;
			sourceTree = "<group>";
		};
		BCD416C7286C88EB001C3E93 /* Configs */ = {
			isa = PBXGroup;
			children = (
				BCD416C8286C8904001C3E93 /* swiftlint.yml */,
				BC608E0C286CCD76006035AC /* assets-template.stencil */,
			);
			path = Configs;
			sourceTree = "<group>";
		};
		BCD416CA286C8983001C3E93 /* App */ = {
			isa = PBXGroup;
			children = (
				BCD416CB286C8990001C3E93 /* AppConstants.swift */,
				BCD41694286C8833001C3E93 /* ArgentWalletApp.swift */,
			);
			path = App;
			sourceTree = "<group>";
		};
		BCD416CD286C89AC001C3E93 /* Injection */ = {
			isa = PBXGroup;
			children = (
				BCD416CE286C89B8001C3E93 /* App+Injection.swift */,
			);
			path = Injection;
			sourceTree = "<group>";
		};
		BCD416D0286C89DC001C3E93 /* Views */ = {
			isa = PBXGroup;
			children = (
				BC608DFD286CB36F006035AC /* Components */,
				BC608E00286CB3D3006035AC /* MainView */,
				BC608E03286CB899006035AC /* ViewState.swift */,
			);
			path = Views;
			sourceTree = "<group>";
		};
		BCD416D1286C8E62001C3E93 /* Resources */ = {
			isa = PBXGroup;
			children = (
				BCD416DE286C93E3001C3E93 /* AutoGenerated */,
				BCD41698286C8834001C3E93 /* Assets.xcassets */,
				BCD416DB286C93A3001C3E93 /* Localizable.strings */,
			);
			path = Resources;
			sourceTree = "<group>";
		};
		BCD416D3286C9187001C3E93 /* Services */ = {
			isa = PBXGroup;
			children = (
				BCD416D6286C919B001C3E93 /* Repositories */,
				BCD416D4286C9196001C3E93 /* WalletService.swift */,
			);
			path = Services;
			sourceTree = "<group>";
		};
		BCD416D6286C919B001C3E93 /* Repositories */ = {
			isa = PBXGroup;
			children = (
				BCD416D7286C91AD001C3E93 /* Web3Repository.swift */,
				BCD416D9286C91E2001C3E93 /* EtherscanRepository.swift */,
			);
			path = Repositories;
			sourceTree = "<group>";
		};
		BCD416DE286C93E3001C3E93 /* AutoGenerated */ = {
			isa = PBXGroup;
			children = (
				BC608E0D286CCDE0006035AC /* Assets.swift */,
				BCD416DF286C93F1001C3E93 /* L10n.swift */,
			);
			path = AutoGenerated;
			sourceTree = "<group>";
		};
		BCD416E1286CA257001C3E93 /* Utils */ = {
			isa = PBXGroup;
			children = (
				BCD416E2286CA26C001C3E93 /* Web3Utils.swift */,
			);
			path = Utils;
			sourceTree = "<group>";
		};
		BCD416E4286CA576001C3E93 /* Extensions */ = {
			isa = PBXGroup;
			children = (
				BCD416E7286CA7C5001C3E93 /* Double++.swift */,
				BCD416E5286CA585001C3E93 /* String++.swift */,
			);
			path = Extensions;
			sourceTree = "<group>";
		};
/* End PBXGroup section */

/* Begin PBXNativeTarget section */
		BCD41690286C8833001C3E93 /* ArgentWallet */ = {
			isa = PBXNativeTarget;
			buildConfigurationList = BCD416B5286C8834001C3E93 /* Build configuration list for PBXNativeTarget "ArgentWallet" */;
			buildPhases = (
				BCD416DD286C93C0001C3E93 /* Run SwiftGen */,
				BCD416C9286C8924001C3E93 /* Run SwiftLint */,
				BCD4168D286C8833001C3E93 /* Sources */,
				BCD4168E286C8833001C3E93 /* Frameworks */,
				BCD4168F286C8833001C3E93 /* Resources */,
			);
			buildRules = (
			);
			dependencies = (
			);
			name = ArgentWallet;
			packageProductDependencies = (
				BCD416C2286C88C7001C3E93 /* web3.swift */,
				BCD416C5286C88D8001C3E93 /* Logging */,
				BCE62121286CB1E400CA3152 /* Resolver */,
				BC608E06286CC9B8006035AC /* SimpleToast */,
			);
			productName = ArgentWallet;
			productReference = BCD41691286C8833001C3E93 /* ArgentWallet.app */;
			productType = "com.apple.product-type.application";
		};
		BCD416A0286C8834001C3E93 /* ArgentWalletTests */ = {
			isa = PBXNativeTarget;
			buildConfigurationList = BCD416B8286C8834001C3E93 /* Build configuration list for PBXNativeTarget "ArgentWalletTests" */;
			buildPhases = (
				BCD4169D286C8834001C3E93 /* Sources */,
				BCD4169E286C8834001C3E93 /* Frameworks */,
				BCD4169F286C8834001C3E93 /* Resources */,
			);
			buildRules = (
			);
			dependencies = (
				BCD416A3286C8834001C3E93 /* PBXTargetDependency */,
			);
			name = ArgentWalletTests;
			productName = ArgentWalletTests;
			productReference = BCD416A1286C8834001C3E93 /* ArgentWalletTests.xctest */;
			productType = "com.apple.product-type.bundle.unit-test";
		};
		BCD416AA286C8834001C3E93 /* ArgentWalletUITests */ = {
			isa = PBXNativeTarget;
			buildConfigurationList = BCD416BB286C8834001C3E93 /* Build configuration list for PBXNativeTarget "ArgentWalletUITests" */;
			buildPhases = (
				BCD416A7286C8834001C3E93 /* Sources */,
				BCD416A8286C8834001C3E93 /* Frameworks */,
				BCD416A9286C8834001C3E93 /* Resources */,
			);
			buildRules = (
			);
			dependencies = (
				BCD416AD286C8834001C3E93 /* PBXTargetDependency */,
			);
			name = ArgentWalletUITests;
			productName = ArgentWalletUITests;
			productReference = BCD416AB286C8834001C3E93 /* ArgentWalletUITests.xctest */;
			productType = "com.apple.product-type.bundle.ui-testing";
		};
/* End PBXNativeTarget section */

/* Begin PBXProject section */
		BCD41689286C8833001C3E93 /* Project object */ = {
			isa = PBXProject;
			attributes = {
				BuildIndependentTargetsInParallel = 1;
				LastSwiftUpdateCheck = 1340;
				LastUpgradeCheck = 1340;
				TargetAttributes = {
					BCD41690286C8833001C3E93 = {
						CreatedOnToolsVersion = 13.4.1;
					};
					BCD416A0286C8834001C3E93 = {
						CreatedOnToolsVersion = 13.4.1;
						TestTargetID = BCD41690286C8833001C3E93;
					};
					BCD416AA286C8834001C3E93 = {
						CreatedOnToolsVersion = 13.4.1;
						TestTargetID = BCD41690286C8833001C3E93;
					};
				};
			};
			buildConfigurationList = BCD4168C286C8833001C3E93 /* Build configuration list for PBXProject "ArgentWallet" */;
			compatibilityVersion = "Xcode 13.0";
			developmentRegion = en;
			hasScannedForEncodings = 0;
			knownRegions = (
				en,
				Base,
			);
			mainGroup = BCD41688286C8833001C3E93;
			packageReferences = (
				BCD416C1286C88C7001C3E93 /* XCRemoteSwiftPackageReference "web3.swift" */,
				BCD416C4286C88D8001C3E93 /* XCRemoteSwiftPackageReference "swift-log" */,
				BCE62120286CB1E400CA3152 /* XCRemoteSwiftPackageReference "Resolver" */,
				BC608E05286CC9B8006035AC /* XCRemoteSwiftPackageReference "SimpleToast" */,
			);
			productRefGroup = BCD41692286C8833001C3E93 /* Products */;
			projectDirPath = "";
			projectRoot = "";
			targets = (
				BCD41690286C8833001C3E93 /* ArgentWallet */,
				BCD416A0286C8834001C3E93 /* ArgentWalletTests */,
				BCD416AA286C8834001C3E93 /* ArgentWalletUITests */,
			);
		};
/* End PBXProject section */

/* Begin PBXResourcesBuildPhase section */
		BCD4168F286C8833001C3E93 /* Resources */ = {
			isa = PBXResourcesBuildPhase;
			buildActionMask = 2147483647;
			files = (
				BCD4169C286C8834001C3E93 /* Preview Assets.xcassets in Resources */,
				BCD416DC286C93A3001C3E93 /* Localizable.strings in Resources */,
				BCD41699286C8834001C3E93 /* Assets.xcassets in Resources */,
			);
			runOnlyForDeploymentPostprocessing = 0;
		};
		BCD4169F286C8834001C3E93 /* Resources */ = {
			isa = PBXResourcesBuildPhase;
			buildActionMask = 2147483647;
			files = (
			);
			runOnlyForDeploymentPostprocessing = 0;
		};
		BCD416A9286C8834001C3E93 /* Resources */ = {
			isa = PBXResourcesBuildPhase;
			buildActionMask = 2147483647;
			files = (
			);
			runOnlyForDeploymentPostprocessing = 0;
		};
/* End PBXResourcesBuildPhase section */

/* Begin PBXShellScriptBuildPhase section */
		BCD416C9286C8924001C3E93 /* Run SwiftLint */ = {
			isa = PBXShellScriptBuildPhase;
			buildActionMask = 2147483647;
			files = (
			);
			inputFileListPaths = (
			);
			inputPaths = (
			);
			name = "Run SwiftLint";
			outputFileListPaths = (
			);
			outputPaths = (
			);
			runOnlyForDeploymentPostprocessing = 0;
			shellPath = /bin/sh;
			shellScript = "export PATH=\"$PATH:/opt/homebrew/bin\"\nif which swiftlint > /dev/null; then\n  swiftlint lint --config \"${SRCROOT}/Configs/swiftlint.yml\"\nelse\n  echo \"warning: SwiftLint not installed, download from https://github.com/realm/SwiftLint\"\nfi\n";
		};
		BCD416DD286C93C0001C3E93 /* Run SwiftGen */ = {
			isa = PBXShellScriptBuildPhase;
			buildActionMask = 2147483647;
			files = (
			);
			inputFileListPaths = (
			);
			inputPaths = (
			);
			name = "Run SwiftGen";
			outputFileListPaths = (
			);
			outputPaths = (
			);
			runOnlyForDeploymentPostprocessing = 0;
			shellPath = /bin/sh;
			shellScript = "#!/bin/sh\nCONFIGS=\"$SOURCE_ROOT/Configs\"\nRESOURCES=\"$SOURCE_ROOT/ArgentWallet/Resources\"\nexport PATH=\"$PATH:/opt/homebrew/bin\"\nif which swiftgen >/dev/null; then\nswiftgen run xcassets \"$RESOURCES/Assets.xcassets\" -p \"$CONFIGS/assets-template.stencil\" --output \"$RESOURCES/AutoGenerated/Assets.swift\"\n  swiftgen run strings \"$RESOURCES/Localizable.strings\" -t \"structured-swift5\" --output \"$RESOURCES/AutoGenerated/L10n.swift\"\nelse\n  echo \"warning: SwiftGen not installed, download it from https://github.com/SwiftGen/SwiftGen\"\nfi\n";
		};
/* End PBXShellScriptBuildPhase section */

/* Begin PBXSourcesBuildPhase section */
		BCD4168D286C8833001C3E93 /* Sources */ = {
			isa = PBXSourcesBuildPhase;
			buildActionMask = 2147483647;
			files = (
				BCD416E6286CA585001C3E93 /* String++.swift in Sources */,
				BCD416E0286C93F1001C3E93 /* L10n.swift in Sources */,
				BCD416DA286C91E2001C3E93 /* EtherscanRepository.swift in Sources */,
				BC608DFF286CB37A006035AC /* PullToRefreshView.swift in Sources */,
				BC608E09286CCB75006035AC /* AsyncContentView.swift in Sources */,
				BCD416E3286CA26C001C3E93 /* Web3Utils.swift in Sources */,
				BC608E0E286CCDE0006035AC /* Assets.swift in Sources */,
				BC608E02286CB3E1006035AC /* MainViewModel.swift in Sources */,
				BCD416D5286C9196001C3E93 /* WalletService.swift in Sources */,
				BCD416CF286C89B8001C3E93 /* App+Injection.swift in Sources */,
				BC608E04286CB899006035AC /* ViewState.swift in Sources */,
				BC608E10286CCE07006035AC /* VisualEffectView.swift in Sources */,
				BC608E0B286CCCD1006035AC /* BackgroundView.swift in Sources */,
				BCD416CC286C8990001C3E93 /* AppConstants.swift in Sources */,
				BC72F3B5286CB0A700C1CE47 /* MainView.swift in Sources */,
				BCD416E8286CA7C5001C3E93 /* Double++.swift in Sources */,
				BCD416D8286C91AD001C3E93 /* Web3Repository.swift in Sources */,
				BCD41695286C8833001C3E93 /* ArgentWalletApp.swift in Sources */,
			);
			runOnlyForDeploymentPostprocessing = 0;
		};
		BCD4169D286C8834001C3E93 /* Sources */ = {
			isa = PBXSourcesBuildPhase;
			buildActionMask = 2147483647;
			files = (
				BCD416A6286C8834001C3E93 /* ArgentWalletTests.swift in Sources */,
			);
			runOnlyForDeploymentPostprocessing = 0;
		};
		BCD416A7286C8834001C3E93 /* Sources */ = {
			isa = PBXSourcesBuildPhase;
			buildActionMask = 2147483647;
			files = (
				BCD416B2286C8834001C3E93 /* ArgentWalletUITestsLaunchTests.swift in Sources */,
				BCD416B0286C8834001C3E93 /* ArgentWalletUITests.swift in Sources */,
			);
			runOnlyForDeploymentPostprocessing = 0;
		};
/* End PBXSourcesBuildPhase section */

/* Begin PBXTargetDependency section */
		BCD416A3286C8834001C3E93 /* PBXTargetDependency */ = {
			isa = PBXTargetDependency;
			target = BCD41690286C8833001C3E93 /* ArgentWallet */;
			targetProxy = BCD416A2286C8834001C3E93 /* PBXContainerItemProxy */;
		};
		BCD416AD286C8834001C3E93 /* PBXTargetDependency */ = {
			isa = PBXTargetDependency;
			target = BCD41690286C8833001C3E93 /* ArgentWallet */;
			targetProxy = BCD416AC286C8834001C3E93 /* PBXContainerItemProxy */;
		};
/* End PBXTargetDependency section */

/* Begin XCBuildConfiguration section */
		BCD416B3286C8834001C3E93 /* Debug */ = {
			isa = XCBuildConfiguration;
			buildSettings = {
				ALWAYS_SEARCH_USER_PATHS = NO;
				CLANG_ANALYZER_NONNULL = YES;
				CLANG_ANALYZER_NUMBER_OBJECT_CONVERSION = YES_AGGRESSIVE;
				CLANG_CXX_LANGUAGE_STANDARD = "gnu++17";
				CLANG_ENABLE_MODULES = YES;
				CLANG_ENABLE_OBJC_ARC = YES;
				CLANG_ENABLE_OBJC_WEAK = YES;
				CLANG_WARN_BLOCK_CAPTURE_AUTORELEASING = YES;
				CLANG_WARN_BOOL_CONVERSION = YES;
				CLANG_WARN_COMMA = YES;
				CLANG_WARN_CONSTANT_CONVERSION = YES;
				CLANG_WARN_DEPRECATED_OBJC_IMPLEMENTATIONS = YES;
				CLANG_WARN_DIRECT_OBJC_ISA_USAGE = YES_ERROR;
				CLANG_WARN_DOCUMENTATION_COMMENTS = YES;
				CLANG_WARN_EMPTY_BODY = YES;
				CLANG_WARN_ENUM_CONVERSION = YES;
				CLANG_WARN_INFINITE_RECURSION = YES;
				CLANG_WARN_INT_CONVERSION = YES;
				CLANG_WARN_NON_LITERAL_NULL_CONVERSION = YES;
				CLANG_WARN_OBJC_IMPLICIT_RETAIN_SELF = YES;
				CLANG_WARN_OBJC_LITERAL_CONVERSION = YES;
				CLANG_WARN_OBJC_ROOT_CLASS = YES_ERROR;
				CLANG_WARN_QUOTED_INCLUDE_IN_FRAMEWORK_HEADER = YES;
				CLANG_WARN_RANGE_LOOP_ANALYSIS = YES;
				CLANG_WARN_STRICT_PROTOTYPES = YES;
				CLANG_WARN_SUSPICIOUS_MOVE = YES;
				CLANG_WARN_UNGUARDED_AVAILABILITY = YES_AGGRESSIVE;
				CLANG_WARN_UNREACHABLE_CODE = YES;
				CLANG_WARN__DUPLICATE_METHOD_MATCH = YES;
				COPY_PHASE_STRIP = NO;
				DEBUG_INFORMATION_FORMAT = dwarf;
				ENABLE_STRICT_OBJC_MSGSEND = YES;
				ENABLE_TESTABILITY = YES;
				GCC_C_LANGUAGE_STANDARD = gnu11;
				GCC_DYNAMIC_NO_PIC = NO;
				GCC_NO_COMMON_BLOCKS = YES;
				GCC_OPTIMIZATION_LEVEL = 0;
				GCC_PREPROCESSOR_DEFINITIONS = (
					"DEBUG=1",
					"$(inherited)",
				);
				GCC_WARN_64_TO_32_BIT_CONVERSION = YES;
				GCC_WARN_ABOUT_RETURN_TYPE = YES_ERROR;
				GCC_WARN_UNDECLARED_SELECTOR = YES;
				GCC_WARN_UNINITIALIZED_AUTOS = YES_AGGRESSIVE;
				GCC_WARN_UNUSED_FUNCTION = YES;
				GCC_WARN_UNUSED_VARIABLE = YES;
				IPHONEOS_DEPLOYMENT_TARGET = 15.5;
				MTL_ENABLE_DEBUG_INFO = INCLUDE_SOURCE;
				MTL_FAST_MATH = YES;
				ONLY_ACTIVE_ARCH = YES;
				SDKROOT = iphoneos;
				SWIFT_ACTIVE_COMPILATION_CONDITIONS = DEBUG;
				SWIFT_OPTIMIZATION_LEVEL = "-Onone";
			};
			name = Debug;
		};
		BCD416B4286C8834001C3E93 /* Release */ = {
			isa = XCBuildConfiguration;
			buildSettings = {
				ALWAYS_SEARCH_USER_PATHS = NO;
				CLANG_ANALYZER_NONNULL = YES;
				CLANG_ANALYZER_NUMBER_OBJECT_CONVERSION = YES_AGGRESSIVE;
				CLANG_CXX_LANGUAGE_STANDARD = "gnu++17";
				CLANG_ENABLE_MODULES = YES;
				CLANG_ENABLE_OBJC_ARC = YES;
				CLANG_ENABLE_OBJC_WEAK = YES;
				CLANG_WARN_BLOCK_CAPTURE_AUTORELEASING = YES;
				CLANG_WARN_BOOL_CONVERSION = YES;
				CLANG_WARN_COMMA = YES;
				CLANG_WARN_CONSTANT_CONVERSION = YES;
				CLANG_WARN_DEPRECATED_OBJC_IMPLEMENTATIONS = YES;
				CLANG_WARN_DIRECT_OBJC_ISA_USAGE = YES_ERROR;
				CLANG_WARN_DOCUMENTATION_COMMENTS = YES;
				CLANG_WARN_EMPTY_BODY = YES;
				CLANG_WARN_ENUM_CONVERSION = YES;
				CLANG_WARN_INFINITE_RECURSION = YES;
				CLANG_WARN_INT_CONVERSION = YES;
				CLANG_WARN_NON_LITERAL_NULL_CONVERSION = YES;
				CLANG_WARN_OBJC_IMPLICIT_RETAIN_SELF = YES;
				CLANG_WARN_OBJC_LITERAL_CONVERSION = YES;
				CLANG_WARN_OBJC_ROOT_CLASS = YES_ERROR;
				CLANG_WARN_QUOTED_INCLUDE_IN_FRAMEWORK_HEADER = YES;
				CLANG_WARN_RANGE_LOOP_ANALYSIS = YES;
				CLANG_WARN_STRICT_PROTOTYPES = YES;
				CLANG_WARN_SUSPICIOUS_MOVE = YES;
				CLANG_WARN_UNGUARDED_AVAILABILITY = YES_AGGRESSIVE;
				CLANG_WARN_UNREACHABLE_CODE = YES;
				CLANG_WARN__DUPLICATE_METHOD_MATCH = YES;
				COPY_PHASE_STRIP = NO;
				DEBUG_INFORMATION_FORMAT = "dwarf-with-dsym";
				ENABLE_NS_ASSERTIONS = NO;
				ENABLE_STRICT_OBJC_MSGSEND = YES;
				GCC_C_LANGUAGE_STANDARD = gnu11;
				GCC_NO_COMMON_BLOCKS = YES;
				GCC_WARN_64_TO_32_BIT_CONVERSION = YES;
				GCC_WARN_ABOUT_RETURN_TYPE = YES_ERROR;
				GCC_WARN_UNDECLARED_SELECTOR = YES;
				GCC_WARN_UNINITIALIZED_AUTOS = YES_AGGRESSIVE;
				GCC_WARN_UNUSED_FUNCTION = YES;
				GCC_WARN_UNUSED_VARIABLE = YES;
				IPHONEOS_DEPLOYMENT_TARGET = 15.5;
				MTL_ENABLE_DEBUG_INFO = NO;
				MTL_FAST_MATH = YES;
				SDKROOT = iphoneos;
				SWIFT_COMPILATION_MODE = wholemodule;
				SWIFT_OPTIMIZATION_LEVEL = "-O";
				VALIDATE_PRODUCT = YES;
			};
			name = Release;
		};
		BCD416B6286C8834001C3E93 /* Debug */ = {
			isa = XCBuildConfiguration;
			buildSettings = {
				ASSETCATALOG_COMPILER_APPICON_NAME = AppIcon;
				ASSETCATALOG_COMPILER_GLOBAL_ACCENT_COLOR_NAME = AccentColor;
				CODE_SIGN_STYLE = Automatic;
				CURRENT_PROJECT_VERSION = 1;
				DEVELOPMENT_ASSET_PATHS = "\"ArgentWallet/Preview Content\"";
				DEVELOPMENT_TEAM = "";
				ENABLE_PREVIEWS = YES;
				GENERATE_INFOPLIST_FILE = YES;
				INFOPLIST_KEY_UIApplicationSceneManifest_Generation = YES;
				INFOPLIST_KEY_UIApplicationSupportsIndirectInputEvents = YES;
				INFOPLIST_KEY_UILaunchScreen_Generation = YES;
				INFOPLIST_KEY_UISupportedInterfaceOrientations_iPad = "UIInterfaceOrientationPortrait UIInterfaceOrientationPortraitUpsideDown UIInterfaceOrientationLandscapeLeft UIInterfaceOrientationLandscapeRight";
				INFOPLIST_KEY_UISupportedInterfaceOrientations_iPhone = "UIInterfaceOrientationPortrait UIInterfaceOrientationLandscapeLeft UIInterfaceOrientationLandscapeRight";
				IPHONEOS_DEPLOYMENT_TARGET = 15.0;
				LD_RUNPATH_SEARCH_PATHS = (
					"$(inherited)",
					"@executable_path/Frameworks",
				);
				MARKETING_VERSION = 1.0;
				PRODUCT_BUNDLE_IDENTIFIER = "eu.dkaratzas.argent-wallet";
				PRODUCT_NAME = "$(TARGET_NAME)";
				SWIFT_EMIT_LOC_STRINGS = YES;
				SWIFT_VERSION = 5.0;
				TARGETED_DEVICE_FAMILY = "1,2";
			};
			name = Debug;
		};
		BCD416B7286C8834001C3E93 /* Release */ = {
			isa = XCBuildConfiguration;
			buildSettings = {
				ASSETCATALOG_COMPILER_APPICON_NAME = AppIcon;
				ASSETCATALOG_COMPILER_GLOBAL_ACCENT_COLOR_NAME = AccentColor;
				CODE_SIGN_STYLE = Automatic;
				CURRENT_PROJECT_VERSION = 1;
				DEVELOPMENT_ASSET_PATHS = "\"ArgentWallet/Preview Content\"";
				DEVELOPMENT_TEAM = "";
				ENABLE_PREVIEWS = YES;
				GENERATE_INFOPLIST_FILE = YES;
				INFOPLIST_KEY_UIApplicationSceneManifest_Generation = YES;
				INFOPLIST_KEY_UIApplicationSupportsIndirectInputEvents = YES;
				INFOPLIST_KEY_UILaunchScreen_Generation = YES;
				INFOPLIST_KEY_UISupportedInterfaceOrientations_iPad = "UIInterfaceOrientationPortrait UIInterfaceOrientationPortraitUpsideDown UIInterfaceOrientationLandscapeLeft UIInterfaceOrientationLandscapeRight";
				INFOPLIST_KEY_UISupportedInterfaceOrientations_iPhone = "UIInterfaceOrientationPortrait UIInterfaceOrientationLandscapeLeft UIInterfaceOrientationLandscapeRight";
				IPHONEOS_DEPLOYMENT_TARGET = 15.0;
				LD_RUNPATH_SEARCH_PATHS = (
					"$(inherited)",
					"@executable_path/Frameworks",
				);
				MARKETING_VERSION = 1.0;
				PRODUCT_BUNDLE_IDENTIFIER = "eu.dkaratzas.argent-wallet";
				PRODUCT_NAME = "$(TARGET_NAME)";
				SWIFT_EMIT_LOC_STRINGS = YES;
				SWIFT_VERSION = 5.0;
				TARGETED_DEVICE_FAMILY = "1,2";
			};
			name = Release;
		};
		BCD416B9286C8834001C3E93 /* Debug */ = {
			isa = XCBuildConfiguration;
			buildSettings = {
				ALWAYS_EMBED_SWIFT_STANDARD_LIBRARIES = YES;
				BUNDLE_LOADER = "$(TEST_HOST)";
				CODE_SIGN_STYLE = Automatic;
				CURRENT_PROJECT_VERSION = 1;
				DEVELOPMENT_TEAM = Z3235HPL98;
				GENERATE_INFOPLIST_FILE = YES;
				IPHONEOS_DEPLOYMENT_TARGET = 15.5;
				MARKETING_VERSION = 1.0;
				PRODUCT_BUNDLE_IDENTIFIER = eu.dkaratzas.ArgentWalletTests;
				PRODUCT_NAME = "$(TARGET_NAME)";
				SWIFT_EMIT_LOC_STRINGS = NO;
				SWIFT_VERSION = 5.0;
				TARGETED_DEVICE_FAMILY = "1,2";
				TEST_HOST = "$(BUILT_PRODUCTS_DIR)/ArgentWallet.app/ArgentWallet";
			};
			name = Debug;
		};
		BCD416BA286C8834001C3E93 /* Release */ = {
			isa = XCBuildConfiguration;
			buildSettings = {
				ALWAYS_EMBED_SWIFT_STANDARD_LIBRARIES = YES;
				BUNDLE_LOADER = "$(TEST_HOST)";
				CODE_SIGN_STYLE = Automatic;
				CURRENT_PROJECT_VERSION = 1;
				DEVELOPMENT_TEAM = Z3235HPL98;
				GENERATE_INFOPLIST_FILE = YES;
				IPHONEOS_DEPLOYMENT_TARGET = 15.5;
				MARKETING_VERSION = 1.0;
				PRODUCT_BUNDLE_IDENTIFIER = eu.dkaratzas.ArgentWalletTests;
				PRODUCT_NAME = "$(TARGET_NAME)";
				SWIFT_EMIT_LOC_STRINGS = NO;
				SWIFT_VERSION = 5.0;
				TARGETED_DEVICE_FAMILY = "1,2";
				TEST_HOST = "$(BUILT_PRODUCTS_DIR)/ArgentWallet.app/ArgentWallet";
			};
			name = Release;
		};
		BCD416BC286C8834001C3E93 /* Debug */ = {
			isa = XCBuildConfiguration;
			buildSettings = {
				ALWAYS_EMBED_SWIFT_STANDARD_LIBRARIES = YES;
				CODE_SIGN_STYLE = Automatic;
				CURRENT_PROJECT_VERSION = 1;
				DEVELOPMENT_TEAM = Z3235HPL98;
				GENERATE_INFOPLIST_FILE = YES;
				MARKETING_VERSION = 1.0;
				PRODUCT_BUNDLE_IDENTIFIER = eu.dkaratzas.ArgentWalletUITests;
				PRODUCT_NAME = "$(TARGET_NAME)";
				SWIFT_EMIT_LOC_STRINGS = NO;
				SWIFT_VERSION = 5.0;
				TARGETED_DEVICE_FAMILY = "1,2";
				TEST_TARGET_NAME = ArgentWallet;
			};
			name = Debug;
		};
		BCD416BD286C8834001C3E93 /* Release */ = {
			isa = XCBuildConfiguration;
			buildSettings = {
				ALWAYS_EMBED_SWIFT_STANDARD_LIBRARIES = YES;
				CODE_SIGN_STYLE = Automatic;
				CURRENT_PROJECT_VERSION = 1;
				DEVELOPMENT_TEAM = Z3235HPL98;
				GENERATE_INFOPLIST_FILE = YES;
				MARKETING_VERSION = 1.0;
				PRODUCT_BUNDLE_IDENTIFIER = eu.dkaratzas.ArgentWalletUITests;
				PRODUCT_NAME = "$(TARGET_NAME)";
				SWIFT_EMIT_LOC_STRINGS = NO;
				SWIFT_VERSION = 5.0;
				TARGETED_DEVICE_FAMILY = "1,2";
				TEST_TARGET_NAME = ArgentWallet;
			};
			name = Release;
		};
/* End XCBuildConfiguration section */

/* Begin XCConfigurationList section */
		BCD4168C286C8833001C3E93 /* Build configuration list for PBXProject "ArgentWallet" */ = {
			isa = XCConfigurationList;
			buildConfigurations = (
				BCD416B3286C8834001C3E93 /* Debug */,
				BCD416B4286C8834001C3E93 /* Release */,
			);
			defaultConfigurationIsVisible = 0;
			defaultConfigurationName = Release;
		};
		BCD416B5286C8834001C3E93 /* Build configuration list for PBXNativeTarget "ArgentWallet" */ = {
			isa = XCConfigurationList;
			buildConfigurations = (
				BCD416B6286C8834001C3E93 /* Debug */,
				BCD416B7286C8834001C3E93 /* Release */,
			);
			defaultConfigurationIsVisible = 0;
			defaultConfigurationName = Release;
		};
		BCD416B8286C8834001C3E93 /* Build configuration list for PBXNativeTarget "ArgentWalletTests" */ = {
			isa = XCConfigurationList;
			buildConfigurations = (
				BCD416B9286C8834001C3E93 /* Debug */,
				BCD416BA286C8834001C3E93 /* Release */,
			);
			defaultConfigurationIsVisible = 0;
			defaultConfigurationName = Release;
		};
		BCD416BB286C8834001C3E93 /* Build configuration list for PBXNativeTarget "ArgentWalletUITests" */ = {
			isa = XCConfigurationList;
			buildConfigurations = (
				BCD416BC286C8834001C3E93 /* Debug */,
				BCD416BD286C8834001C3E93 /* Release */,
			);
			defaultConfigurationIsVisible = 0;
			defaultConfigurationName = Release;
		};
/* End XCConfigurationList section */

/* Begin XCRemoteSwiftPackageReference section */
		BC608E05286CC9B8006035AC /* XCRemoteSwiftPackageReference "SimpleToast" */ = {
			isa = XCRemoteSwiftPackageReference;
			repositoryURL = "https://github.com/sanzaru/SimpleToast.git";
			requirement = {
				kind = upToNextMajorVersion;
				minimumVersion = 0.6.2;
			};
		};
		BCD416C1286C88C7001C3E93 /* XCRemoteSwiftPackageReference "web3.swift" */ = {
			isa = XCRemoteSwiftPackageReference;
			repositoryURL = "https://github.com/argentlabs/web3.swift.git";
			requirement = {
				kind = upToNextMajorVersion;
				minimumVersion = 1.0.0;
			};
		};
		BCD416C4286C88D8001C3E93 /* XCRemoteSwiftPackageReference "swift-log" */ = {
			isa = XCRemoteSwiftPackageReference;
			repositoryURL = "https://github.com/apple/swift-log.git";
			requirement = {
				kind = upToNextMajorVersion;
				minimumVersion = 1.0.0;
			};
		};
		BCE62120286CB1E400CA3152 /* XCRemoteSwiftPackageReference "Resolver" */ = {
			isa = XCRemoteSwiftPackageReference;
			repositoryURL = "https://github.com/hmlongco/Resolver.git";
			requirement = {
				kind = upToNextMajorVersion;
				minimumVersion = 1.0.0;
			};
		};
/* End XCRemoteSwiftPackageReference section */

/* Begin XCSwiftPackageProductDependency section */
		BC608E06286CC9B8006035AC /* SimpleToast */ = {
			isa = XCSwiftPackageProductDependency;
			package = BC608E05286CC9B8006035AC /* XCRemoteSwiftPackageReference "SimpleToast" */;
			productName = SimpleToast;
		};
		BCD416C2286C88C7001C3E93 /* web3.swift */ = {
			isa = XCSwiftPackageProductDependency;
			package = BCD416C1286C88C7001C3E93 /* XCRemoteSwiftPackageReference "web3.swift" */;
			productName = web3.swift;
		};
		BCD416C5286C88D8001C3E93 /* Logging */ = {
			isa = XCSwiftPackageProductDependency;
			package = BCD416C4286C88D8001C3E93 /* XCRemoteSwiftPackageReference "swift-log" */;
			productName = Logging;
		};
		BCE62121286CB1E400CA3152 /* Resolver */ = {
			isa = XCSwiftPackageProductDependency;
			package = BCE62120286CB1E400CA3152 /* XCRemoteSwiftPackageReference "Resolver" */;
			productName = Resolver;
		};
/* End XCSwiftPackageProductDependency section */
	};
	rootObject = BCD41689286C8833001C3E93 /* Project object */;
}
